{
  "name": "dr-dom",
  "version": "0.0.2",
  "lockfileVersion": 1,
  "requires": true,
  "dependencies": {
    "classnames": {
      "version": "2.2.5",
      "resolved": "https://registry.npmjs.org/classnames/-/classnames-2.2.5.tgz",
      "integrity": "sha1-+zgB1FNGdknvNgPH1hoCvRKb3m0="
    },
    "just-omit": {
      "version": "1.0.1",
      "resolved": "https://registry.npmjs.org/just-omit/-/just-omit-1.0.1.tgz",
      "integrity": "sha1-AQmIKioRMj1ZA0voBe6Xi1uJmaQ="
    },
    "lodash": {
      "version": "4.17.10",
      "resolved": "https://registry.npmjs.org/lodash/-/lodash-4.17.10.tgz",
      "integrity": "sha512-UejweD1pDoXu+AD825lWwp4ZGtSwgnpZxb3JDViD7StjQz+Nb/6l093lx4OQ0foGWNRoc19mWy7BzL+UAK2iVg=="
    },
    "r-dom": {
      "version": "2.4.0",
      "resolved": "https://registry.npmjs.org/r-dom/-/r-dom-2.4.0.tgz",
      "integrity": "sha512-n5dIjo90L2oHSZe5b2ozaiwT0scB/nvm99AOZDJ3Vd7s4/ibLMJDnir7NZcvmCK5WISJB8uQp0pqrxmm2CqgAw==",
      "requires": {
        "classnames": "2.2.5",
        "just-omit": "1.0.1",
        "react-dom-factories": "1.0.2"
      }
    },
    "react-dom-factories": {
      "version": "1.0.2",
      "resolved": "https://registry.npmjs.org/react-dom-factories/-/react-dom-factories-1.0.2.tgz",
      "integrity": "sha1-63cFxNs2+1AbOqOP91lhaqD/luA="
    }
  }
}
